
Microsoft Visual Studio Solution File, Format Version 12.00
# Visual Studio Version 16
VisualStudioVersion = 16.0.30413.136
MinimumVisualStudioVersion = 10.0.40219.1
Project("{FAE04EC0-301F-11D3-BF4B-00C04F79EFBC}") = "JobManagerAPI", "JobManagerAPI\JobManagerAPI.csproj", "{670DF534-6DB1-49F2-A98A-E334FD3E2092}"
EndProject
Global
	GlobalSection(SolutionConfigurationPlatforms) = preSolution
		Debug|Any CPU = Debug|Any CPU
		Release|Any CPU = Release|Any CPU
	EndGlobalSection
	GlobalSection(ProjectConfigurationPlatforms) = postSolution
		{670DF534-6DB1-49F2-A98A-E334FD3E2092}.Debug|Any CPU.ActiveCfg = Debug|Any CPU
		{670DF534-6DB1-49F2-A98A-E334FD3E2092}.Debug|Any CPU.Build.0 = Debug|Any CPU
		{670DF534-6DB1-49F2-A98A-E334FD3E2092}.Release|Any CPU.ActiveCfg = Release|Any CPU
		{670DF534-6DB1-49F2-A98A-E334FD3E2092}.Release|Any CPU.Build.0 = Release|Any CPU
	EndGlobalSection
	GlobalSection(SolutionProperties) = preSolution
		HideSolutionNode = FALSE
	EndGlobalSection
	GlobalSection(ExtensibilityGlobals) = postSolution
		SolutionGuid = {3F96B540-A131-431A-BC26-0D1A9443A060}
	EndGlobalSection
EndGlobal
